
Microsoft Visual Studio Solution File, Format Version 12.00
# Visual Studio Version 17
VisualStudioVersion = 17.2.32616.157
MinimumVisualStudioVersion = 10.0.40219.1
Project("{8BC9CEB8-8B4A-11D0-8D11-00A0C91BC942}") = "OpenGL3D-Learning", "OpenGL3D-Learning.vcxproj", "{7975B2F6-507A-4921-BBCC-B1E131A300C3}"
EndProject
Global
	GlobalSection(SolutionConfigurationPlatforms) = preSolution
		Debug|x64 = Debug|x64
		Debug|x86 = Debug|x86
		Release|x64 = Release|x64
		Release|x86 = Release|x86
	EndGlobalSection
	GlobalSection(ProjectConfigurationPlatforms) = postSolution
		{7975B2F6-507A-4921-BBCC-B1E131A300C3}.Debug|x64.ActiveCfg = Debug|x64
		{7975B2F6-507A-4921-BBCC-B1E131A300C3}.Debug|x64.Build.0 = Debug|x64
		{7975B2F6-507A-4921-BBCC-B1E131A300C3}.Debug|x86.ActiveCfg = Debug|Win32
		{7975B2F6-507A-4921-BBCC-B1E131A300C3}.Debug|x86.Build.0 = Debug|Win32
		{7975B2F6-507A-4921-BBCC-B1E131A300C3}.Release|x64.ActiveCfg = Release|x64
		{7975B2F6-507A-4921-BBCC-B1E131A300C3}.Release|x64.Build.0 = Release|x64
		{7975B2F6-507A-4921-BBCC-B1E131A300C3}.Release|x86.ActiveCfg = Release|Win32
		{7975B2F6-507A-4921-BBCC-B1E131A300C3}.Release|x86.Build.0 = Release|Win32
	EndGlobalSection
	GlobalSection(SolutionProperties) = preSolution
		HideSolutionNode = FALSE
	EndGlobalSection
	GlobalSection(ExtensibilityGlobals) = postSolution
		SolutionGuid = {9848D38D-7B42-40DB-BA56-424B87B134B6}
	EndGlobalSection
EndGlobal
